
Microsoft Visual Studio Solution File, Format Version 12.00
# Visual Studio Version 17
VisualStudioVersion = 17.1.32228.430
MinimumVisualStudioVersion = 10.0.40219.1
Project("{9A19103F-16F7-4668-BE54-9A1E7A4F7556}") = "MMExNotifier", "MMExNotifier\MMExNotifier.csproj", "{91E2037D-BD50-4051-AA06-C8CC19D00131}"
EndProject
Project("{FAE04EC0-301F-11D3-BF4B-00C04F79EFBC}") = "MMExNotifier.Tests", "MMExNotifier.Tests\MMExNotifier.Tests.csproj", "{8E1F80AF-5A10-4790-8367-A15EC5A0C2B2}"
EndProject
Global
	GlobalSection(SolutionConfigurationPlatforms) = preSolution
		Debug|Any CPU = Debug|Any CPU
		Release|Any CPU = Release|Any CPU
	EndGlobalSection
	GlobalSection(ProjectConfigurationPlatforms) = postSolution
		{91E2037D-BD50-4051-AA06-C8CC19D00131}.Debug|Any CPU.ActiveCfg = Debug|Any CPU
		{91E2037D-BD50-4051-AA06-C8CC19D00131}.Debug|Any CPU.Build.0 = Debug|Any CPU
		{91E2037D-BD50-4051-AA06-C8CC19D00131}.Release|Any CPU.ActiveCfg = Release|Any CPU
		{91E2037D-BD50-4051-AA06-C8CC19D00131}.Release|Any CPU.Build.0 = Release|Any CPU
		{8E1F80AF-5A10-4790-8367-A15EC5A0C2B2}.Debug|Any CPU.ActiveCfg = Debug|Any CPU
		{8E1F80AF-5A10-4790-8367-A15EC5A0C2B2}.Debug|Any CPU.Build.0 = Debug|Any CPU
		{8E1F80AF-5A10-4790-8367-A15EC5A0C2B2}.Release|Any CPU.ActiveCfg = Release|Any CPU
		{8E1F80AF-5A10-4790-8367-A15EC5A0C2B2}.Release|Any CPU.Build.0 = Release|Any CPU
	EndGlobalSection
	GlobalSection(SolutionProperties) = preSolution
		HideSolutionNode = FALSE
	EndGlobalSection
	GlobalSection(ExtensibilityGlobals) = postSolution
		SolutionGuid = {F152BD86-2E2C-41EC-8171-951D69C24E5F}
	EndGlobalSection
EndGlobal
